
Microsoft Visual Studio Solution File, Format Version 12.00
# Visual Studio Version 16
VisualStudioVersion = 16.0.32510.428
MinimumVisualStudioVersion = 10.0.40219.1
Project("{FAE04EC0-301F-11D3-BF4B-00C04F79EFBC}") = "Common", "Common\Common.csproj", "{35E71AA4-A0B3-45C7-A1C5-15465416DCFC}"
EndProject
Project("{FAE04EC0-301F-11D3-BF4B-00C04F79EFBC}") = "WorkerServer", "WorkerServer\WorkerServer.csproj", "{492F2D2C-E774-4905-980D-ECD707D9DD01}"
EndProject
Project("{FAE04EC0-301F-11D3-BF4B-00C04F79EFBC}") = "WorkerService", "WorkerService\WorkerService.csproj", "{9D88F002-AD13-40F7-AD20-774ED2BD7886}"
EndProject
Global
	GlobalSection(SolutionConfigurationPlatforms) = preSolution
		Debug|Any CPU = Debug|Any CPU
		Release|Any CPU = Release|Any CPU
	EndGlobalSection
	GlobalSection(ProjectConfigurationPlatforms) = postSolution
		{35E71AA4-A0B3-45C7-A1C5-15465416DCFC}.Debug|Any CPU.ActiveCfg = Debug|Any CPU
		{35E71AA4-A0B3-45C7-A1C5-15465416DCFC}.Debug|Any CPU.Build.0 = Debug|Any CPU
		{35E71AA4-A0B3-45C7-A1C5-15465416DCFC}.Release|Any CPU.ActiveCfg = Release|Any CPU
		{35E71AA4-A0B3-45C7-A1C5-15465416DCFC}.Release|Any CPU.Build.0 = Release|Any CPU
		{492F2D2C-E774-4905-980D-ECD707D9DD01}.Debug|Any CPU.ActiveCfg = Debug|Any CPU
		{492F2D2C-E774-4905-980D-ECD707D9DD01}.Debug|Any CPU.Build.0 = Debug|Any CPU
		{492F2D2C-E774-4905-980D-ECD707D9DD01}.Release|Any CPU.ActiveCfg = Release|Any CPU
		{492F2D2C-E774-4905-980D-ECD707D9DD01}.Release|Any CPU.Build.0 = Release|Any CPU
		{9D88F002-AD13-40F7-AD20-774ED2BD7886}.Debug|Any CPU.ActiveCfg = Debug|Any CPU
		{9D88F002-AD13-40F7-AD20-774ED2BD7886}.Debug|Any CPU.Build.0 = Debug|Any CPU
		{9D88F002-AD13-40F7-AD20-774ED2BD7886}.Release|Any CPU.ActiveCfg = Release|Any CPU
		{9D88F002-AD13-40F7-AD20-774ED2BD7886}.Release|Any CPU.Build.0 = Release|Any CPU
	EndGlobalSection
	GlobalSection(SolutionProperties) = preSolution
		HideSolutionNode = FALSE
	EndGlobalSection
	GlobalSection(ExtensibilityGlobals) = postSolution
		SolutionGuid = {E5472398-2798-4D5C-9A53-BE3F45B91868}
	EndGlobalSection
EndGlobal
